// !$*UTF8*$!
{
	archiveVersion = 1;
	classes = {
	};
	objectVersion = 46;
	objects = {

/* Begin PBXBuildFile section */
		D520302D1DDCD189001900B9 /* still time.ttf in Resources */ = {isa = PBXBuildFile; fileRef = D520302C1DDCD189001900B9 /* still time.ttf */; };
		D52030321DDCD2AD001900B9 /* VideoVC.swift in Sources */ = {isa = PBXBuildFile; fileRef = D52030311DDCD2AD001900B9 /* VideoVC.swift */; };
		D52030341DDCD838001900B9 /* PartyCell.swift in Sources */ = {isa = PBXBuildFile; fileRef = D52030331DDCD838001900B9 /* PartyCell.swift */; };
		D52030361DDCD91E001900B9 /* PartyRock.swift in Sources */ = {isa = PBXBuildFile; fileRef = D52030351DDCD91E001900B9 /* PartyRock.swift */; };
		D53EEC791DDC187800218679 /* AppDelegate.swift in Sources */ = {isa = PBXBuildFile; fileRef = D53EEC781DDC187800218679 /* AppDelegate.swift */; };
		D53EEC7B1DDC187800218679 /* MainVC.swift in Sources */ = {isa = PBXBuildFile; fileRef = D53EEC7A1DDC187800218679 /* MainVC.swift */; };
		D53EEC7E1DDC187800218679 /* Main.storyboard in Resources */ = {isa = PBXBuildFile; fileRef = D53EEC7C1DDC187800218679 /* Main.storyboard */; };
		D53EEC801DDC187800218679 /* Assets.xcassets in Resources */ = {isa = PBXBuildFile; fileRef = D53EEC7F1DDC187800218679 /* Assets.xcassets */; };
		D53EEC831DDC187800218679 /* LaunchScreen.storyboard in Resources */ = {isa = PBXBuildFile; fileRef = D53EEC811DDC187800218679 /* LaunchScreen.storyboard */; };
/* End PBXBuildFile section */

/* Begin PBXFileReference section */
		D520302C1DDCD189001900B9 /* still time.ttf */ = {isa = PBXFileReference; lastKnownFileType = file; path = "still time.ttf"; sourceTree = "<group>"; };
		D52030311DDCD2AD001900B9 /* VideoVC.swift */ = {isa = PBXFileReference; fileEncoding = 4; lastKnownFileType = sourcecode.swift; path = VideoVC.swift; sourceTree = "<group>"; };
		D52030331DDCD838001900B9 /* PartyCell.swift */ = {isa = PBXFileReference; fileEncoding = 4; lastKnownFileType = sourcecode.swift; path = PartyCell.swift; sourceTree = "<group>"; };
		D52030351DDCD91E001900B9 /* PartyRock.swift */ = {isa = PBXFileReference; fileEncoding = 4; lastKnownFileType = sourcecode.swift; path = PartyRock.swift; sourceTree = "<group>"; };
		D53EEC751DDC187800218679 /* Party_Rock.app */ = {isa = PBXFileReference; explicitFileType = wrapper.application; includeInIndex = 0; path = Party_Rock.app; sourceTree = BUILT_PRODUCTS_DIR; };
		D53EEC781DDC187800218679 /* AppDelegate.swift */ = {isa = PBXFileReference; lastKnownFileType = sourcecode.swift; path = AppDelegate.swift; sourceTree = "<group>"; };
		D53EEC7A1DDC187800218679 /* MainVC.swift */ = {isa = PBXFileReference; lastKnownFileType = sourcecode.swift; path = MainVC.swift; sourceTree = "<group>"; };
		D53EEC7D1DDC187800218679 /* Base */ = {isa = PBXFileReference; lastKnownFileType = file.storyboard; name = Base; path = Base.lproj/Main.storyboard; sourceTree = "<group>"; };
		D53EEC7F1DDC187800218679 /* Assets.xcassets */ = {isa = PBXFileReference; lastKnownFileType = folder.assetcatalog; path = Assets.xcassets; sourceTree = "<group>"; };
		D53EEC821DDC187800218679 /* Base */ = {isa = PBXFileReference; lastKnownFileType = file.storyboard; name = Base; path = Base.lproj/LaunchScreen.storyboard; sourceTree = "<group>"; };
		D53EEC841DDC187800218679 /* Info.plist */ = {isa = PBXFileReference; lastKnownFileType = text.plist.xml; path = Info.plist; sourceTree = "<group>"; };
/* End PBXFileReference section */

/* Begin PBXFrameworksBuildPhase section */
		D53EEC721DDC187800218679 /* Frameworks */ = {
			isa = PBXFrameworksBuildPhase;
			buildActionMask = 2147483647;
			files = (
			);
			runOnlyForDeploymentPostprocessing = 0;
		};
/* End PBXFrameworksBuildPhase section */

/* Begin PBXGroup section */
		D520302E1DDCD191001900B9 /* Controller */ = {
			isa = PBXGroup;
			children = (
				D53EEC7A1DDC187800218679 /* MainVC.swift */,
				D52030311DDCD2AD001900B9 /* VideoVC.swift */,
				D52030331DDCD838001900B9 /* PartyCell.swift */,
			);
			name = Controller;
			sourceTree = "<group>";
		};
		D520302F1DDCD1AA001900B9 /* Views */ = {
			isa = PBXGroup;
			children = (
			);
			name = Views;
			sourceTree = "<group>";
		};
		D52030301DDCD1B7001900B9 /* Modal */ = {
			isa = PBXGroup;
			children = (
				D52030351DDCD91E001900B9 /* PartyRock.swift */,
			);
			name = Modal;
			sourceTree = "<group>";
		};
		D53EEC6C1DDC187800218679 = {
			isa = PBXGroup;
			children = (
				D53EEC771DDC187800218679 /* Party_Rock */,
				D53EEC761DDC187800218679 /* Products */,
			);
			sourceTree = "<group>";
		};
		D53EEC761DDC187800218679 /* Products */ = {
			isa = PBXGroup;
			children = (
				D53EEC751DDC187800218679 /* Party_Rock.app */,
			);
			name = Products;
			sourceTree = "<group>";
		};
		D53EEC771DDC187800218679 /* Party_Rock */ = {
			isa = PBXGroup;
			children = (
				D52030301DDCD1B7001900B9 /* Modal */,
				D520302F1DDCD1AA001900B9 /* Views */,
				D520302E1DDCD191001900B9 /* Controller */,
				D53EEC781DDC187800218679 /* AppDelegate.swift */,
				D53EEC811DDC187800218679 /* LaunchScreen.storyboard */,
				D53EEC7C1DDC187800218679 /* Main.storyboard */,
				D53EEC7F1DDC187800218679 /* Assets.xcassets */,
				D53EEC841DDC187800218679 /* Info.plist */,
				D520302C1DDCD189001900B9 /* still time.ttf */,
			);
			path = Party_Rock;
			sourceTree = "<group>";
		};
/* End PBXGroup section */

/* Begin PBXNativeTarget section */
		D53EEC741DDC187800218679 /* Party_Rock */ = {
			isa = PBXNativeTarget;
			buildConfigurationList = D53EEC871DDC187800218679 /* Build configuration list for PBXNativeTarget "Party_Rock" */;
			buildPhases = (
				D53EEC711DDC187800218679 /* Sources */,
				D53EEC721DDC187800218679 /* Frameworks */,
				D53EEC731DDC187800218679 /* Resources */,
			);
			buildRules = (
			);
			dependencies = (
			);
			name = Party_Rock;
			productName = Party_Rock;
			productReference = D53EEC751DDC187800218679 /* Party_Rock.app */;
			productType = "com.apple.product-type.application";
		};
/* End PBXNativeTarget section */

/* Begin PBXProject section */
		D53EEC6D1DDC187800218679 /* Project object */ = {
			isa = PBXProject;
			attributes = {
				LastSwiftUpdateCheck = 0800;
				LastUpgradeCheck = 0800;
				ORGANIZATIONNAME = "Younoussa Ousmane Abdou";
				TargetAttributes = {
					D53EEC741DDC187800218679 = {
						CreatedOnToolsVersion = 8.0;
						ProvisioningStyle = Automatic;
					};
				};
			};
			buildConfigurationList = D53EEC701DDC187800218679 /* Build configuration list for PBXProject "Party_Rock" */;
			compatibilityVersion = "Xcode 3.2";
			developmentRegion = English;
			hasScannedForEncodings = 0;
			knownRegions = (
				en,
				Base,
			);
			mainGroup = D53EEC6C1DDC187800218679;
			productRefGroup = D53EEC761DDC187800218679 /* Products */;
			projectDirPath = "";
			projectRoot = "";
			targets = (
				D53EEC741DDC187800218679 /* Party_Rock */,
			);
		};
/* End PBXProject section */

/* Begin PBXResourcesBuildPhase section */
		D53EEC731DDC187800218679 /* Resources */ = {
			isa = PBXResourcesBuildPhase;
			buildActionMask = 2147483647;
			files = (
				D53EEC831DDC187800218679 /* LaunchScreen.storyboard in Resources */,
				D520302D1DDCD189001900B9 /* still time.ttf in Resources */,
				D53EEC801DDC187800218679 /* Assets.xcassets in Resources */,
				D53EEC7E1DDC187800218679 /* Main.storyboard in Resources */,
			);
			runOnlyForDeploymentPostprocessing = 0;
		};
/* End PBXResourcesBuildPhase section */

/* Begin PBXSourcesBuildPhase section */
		D53EEC711DDC187800218679 /* Sources */ = {
			isa = PBXSourcesBuildPhase;
			buildActionMask = 2147483647;
			files = (
				D52030321DDCD2AD001900B9 /* VideoVC.swift in Sources */,
				D53EEC7B1DDC187800218679 /* MainVC.swift in Sources */,
				D52030361DDCD91E001900B9 /* PartyRock.swift in Sources */,
				D52030341DDCD838001900B9 /* PartyCell.swift in Sources */,
				D53EEC791DDC187800218679 /* AppDelegate.swift in Sources */,
			);
			runOnlyForDeploymentPostprocessing = 0;
		};
/* End PBXSourcesBuildPhase section */

/* Begin PBXVariantGroup section */
		D53EEC7C1DDC187800218679 /* Main.storyboard */ = {
			isa = PBXVariantGroup;
			children = (
				D53EEC7D1DDC187800218679 /* Base */,
			);
			name = Main.storyboard;
			sourceTree = "<group>";
		};
		D53EEC811DDC187800218679 /* LaunchScreen.storyboard */ = {
			isa = PBXVariantGroup;
			children = (
				D53EEC821DDC187800218679 /* Base */,
			);
			name = LaunchScreen.storyboard;
			sourceTree = "<group>";
		};
/* End PBXVariantGroup section */

/* Begin XCBuildConfiguration section */
		D53EEC851DDC187800218679 /* Debug */ = {
			isa = XCBuildConfiguration;
			buildSettings = {
				ALWAYS_SEARCH_USER_PATHS = NO;
				CLANG_ANALYZER_NONNULL = YES;
				CLANG_CXX_LANGUAGE_STANDARD = "gnu++0x";
				CLANG_CXX_LIBRARY = "libc++";
				CLANG_ENABLE_MODULES = YES;
				CLANG_ENABLE_OBJC_ARC = YES;
				CLANG_WARN_BOOL_CONVERSION = YES;
				CLANG_WARN_CONSTANT_CONVERSION = YES;
				CLANG_WARN_DIRECT_OBJC_ISA_USAGE = YES_ERROR;
				CLANG_WARN_DOCUMENTATION_COMMENTS = YES;
				CLANG_WARN_EMPTY_BODY = YES;
				CLANG_WARN_ENUM_CONVERSION = YES;
				CLANG_WARN_INFINITE_RECURSION = YES;
				CLANG_WARN_INT_CONVERSION = YES;
				CLANG_WARN_OBJC_ROOT_CLASS = YES_ERROR;
				CLANG_WARN_SUSPICIOUS_MOVES = YES;
				CLANG_WARN_UNREACHABLE_CODE = YES;
				CLANG_WARN__DUPLICATE_METHOD_MATCH = YES;
				"CODE_SIGN_IDENTITY[sdk=iphoneos*]" = "iPhone Developer";
				COPY_PHASE_STRIP = NO;
				DEBUG_INFORMATION_FORMAT = dwarf;
				ENABLE_STRICT_OBJC_MSGSEND = YES;
				ENABLE_TESTABILITY = YES;
				GCC_C_LANGUAGE_STANDARD = gnu99;
				GCC_DYNAMIC_NO_PIC = NO;
				GCC_NO_COMMON_BLOCKS = YES;
				GCC_OPTIMIZATION_LEVEL = 0;
				GCC_PREPROCESSOR_DEFINITIONS = (
					"DEBUG=1",
					"$(inherited)",
				);
				GCC_WARN_64_TO_32_BIT_CONVERSION = YES;
				GCC_WARN_ABOUT_RETURN_TYPE = YES_ERROR;
				GCC_WARN_UNDECLARED_SELECTOR = YES;
				GCC_WARN_UNINITIALIZED_AUTOS = YES_AGGRESSIVE;
				GCC_WARN_UNUSED_FUNCTION = YES;
				GCC_WARN_UNUSED_VARIABLE = YES;
				IPHONEOS_DEPLOYMENT_TARGET = 10.0;
				MTL_ENABLE_DEBUG_INFO = YES;
				ONLY_ACTIVE_ARCH = YES;
				SDKROOT = iphoneos;
				SWIFT_ACTIVE_COMPILATION_CONDITIONS = DEBUG;
				SWIFT_OPTIMIZATION_LEVEL = "-Onone";
				TARGETED_DEVICE_FAMILY = "1,2";
			};
			name = Debug;
		};
		D53EEC861DDC187800218679 /* Release */ = {
			isa = XCBuildConfiguration;
			buildSettings = {
				ALWAYS_SEARCH_USER_PATHS = NO;
				CLANG_ANALYZER_NONNULL = YES;
				CLANG_CXX_LANGUAGE_STANDARD = "gnu++0x";
				CLANG_CXX_LIBRARY = "libc++";
				CLANG_ENABLE_MODULES = YES;
				CLANG_ENABLE_OBJC_ARC = YES;
				CLANG_WARN_BOOL_CONVERSION = YES;
				CLANG_WARN_CONSTANT_CONVERSION = YES;
				CLANG_WARN_DIRECT_OBJC_ISA_USAGE = YES_ERROR;
				CLANG_WARN_DOCUMENTATION_COMMENTS = YES;
				CLANG_WARN_EMPTY_BODY = YES;
				CLANG_WARN_ENUM_CONVERSION = YES;
				CLANG_WARN_INFINITE_RECURSION = YES;
				CLANG_WARN_INT_CONVERSION = YES;
				CLANG_WARN_OBJC_ROOT_CLASS = YES_ERROR;
				CLANG_WARN_SUSPICIOUS_MOVES = YES;
				CLANG_WARN_UNREACHABLE_CODE = YES;
				CLANG_WARN__DUPLICATE_METHOD_MATCH = YES;
				"CODE_SIGN_IDENTITY[sdk=iphoneos*]" = "iPhone Developer";
				COPY_PHASE_STRIP = NO;
				DEBUG_INFORMATION_FORMAT = "dwarf-with-dsym";
				ENABLE_NS_ASSERTIONS = NO;
				ENABLE_STRICT_OBJC_MSGSEND = YES;
				GCC_C_LANGUAGE_STANDARD = gnu99;
				GCC_NO_COMMON_BLOCKS = YES;
				GCC_WARN_64_TO_32_BIT_CONVERSION = YES;
				GCC_WARN_ABOUT_RETURN_TYPE = YES_ERROR;
				GCC_WARN_UNDECLARED_SELECTOR = YES;
				GCC_WARN_UNINITIALIZED_AUTOS = YES_AGGRESSIVE;
				GCC_WARN_UNUSED_FUNCTION = YES;
				GCC_WARN_UNUSED_VARIABLE = YES;
				IPHONEOS_DEPLOYMENT_TARGET = 10.0;
				MTL_ENABLE_DEBUG_INFO = NO;
				SDKROOT = iphoneos;
				SWIFT_OPTIMIZATION_LEVEL = "-Owholemodule";
				TARGETED_DEVICE_FAMILY = "1,2";
				VALIDATE_PRODUCT = YES;
			};
			name = Release;
		};
		D53EEC881DDC187800218679 /* Debug */ = {
			isa = XCBuildConfiguration;
			buildSettings = {
				ASSETCATALOG_COMPILER_APPICON_NAME = AppIcon;
				INFOPLIST_FILE = Party_Rock/Info.plist;
				LD_RUNPATH_SEARCH_PATHS = "$(inherited) @executable_path/Frameworks";
				PRODUCT_BUNDLE_IDENTIFIER = "com.yuso.Party-Rock";
				PRODUCT_NAME = "$(TARGET_NAME)";
				SWIFT_VERSION = 3.0;
			};
			name = Debug;
		};
		D53EEC891DDC187800218679 /* Release */ = {
			isa = XCBuildConfiguration;
			buildSettings = {
				ASSETCATALOG_COMPILER_APPICON_NAME = AppIcon;
				INFOPLIST_FILE = Party_Rock/Info.plist;
				LD_RUNPATH_SEARCH_PATHS = "$(inherited) @executable_path/Frameworks";
				PRODUCT_BUNDLE_IDENTIFIER = "com.yuso.Party-Rock";
				PRODUCT_NAME = "$(TARGET_NAME)";
				SWIFT_VERSION = 3.0;
			};
			name = Release;
		};
/* End XCBuildConfiguration section */

/* Begin XCConfigurationList section */
		D53EEC701DDC187800218679 /* Build configuration list for PBXProject "Party_Rock" */ = {
			isa = XCConfigurationList;
			buildConfigurations = (
				D53EEC851DDC187800218679 /* Debug */,
				D53EEC861DDC187800218679 /* Release */,
			);
			defaultConfigurationIsVisible = 0;
			defaultConfigurationName = Release;
		};
		D53EEC871DDC187800218679 /* Build configuration list for PBXNativeTarget "Party_Rock" */ = {
			isa = XCConfigurationList;
			buildConfigurations = (
				D53EEC881DDC187800218679 /* Debug */,
				D53EEC891DDC187800218679 /* Release */,
			);
			defaultConfigurationIsVisible = 0;
			defaultConfigurationName = Release;
		};
/* End XCConfigurationList section */
	};
	rootObject = D53EEC6D1DDC187800218679 /* Project object */;
}
